
Microsoft Visual Studio Solution File, Format Version 12.00
# Visual Studio Version 16
VisualStudioVersion = 16.0.29613.14
MinimumVisualStudioVersion = 10.0.40219.1
Project("{FAE04EC0-301F-11D3-BF4B-00C04F79EFBC}") = "STONKS", "register+login\STONKS.csproj", "{24D79393-63A6-489E-9B47-C5A826151726}"
EndProject
Global
	GlobalSection(SolutionConfigurationPlatforms) = preSolution
		Debug|Any CPU = Debug|Any CPU
		Release|Any CPU = Release|Any CPU
	EndGlobalSection
	GlobalSection(ProjectConfigurationPlatforms) = postSolution
		{24D79393-63A6-489E-9B47-C5A826151726}.Debug|Any CPU.ActiveCfg = Debug|Any CPU
		{24D79393-63A6-489E-9B47-C5A826151726}.Debug|Any CPU.Build.0 = Debug|Any CPU
		{24D79393-63A6-489E-9B47-C5A826151726}.Release|Any CPU.ActiveCfg = Release|Any CPU
		{24D79393-63A6-489E-9B47-C5A826151726}.Release|Any CPU.Build.0 = Release|Any CPU
	EndGlobalSection
	GlobalSection(SolutionProperties) = preSolution
		HideSolutionNode = FALSE
	EndGlobalSection
	GlobalSection(ExtensibilityGlobals) = postSolution
		SolutionGuid = {165CBECD-32D4-4790-8376-99A0B919F3CC}
	EndGlobalSection
EndGlobal
